
Microsoft Visual Studio Solution File, Format Version 12.00
# Visual Studio Version 17
VisualStudioVersion = 17.0.32002.185
MinimumVisualStudioVersion = 10.0.40219.1
Project("{FAE04EC0-301F-11D3-BF4B-00C04F79EFBC}") = "MinimalApi", "MinimalApi\MinimalApi.csproj", "{BE041642-5303-46BD-BDD5-6E442E2FFB89}"
EndProject
Global
	GlobalSection(SolutionConfigurationPlatforms) = preSolution
		Debug|Any CPU = Debug|Any CPU
		Release|Any CPU = Release|Any CPU
	EndGlobalSection
	GlobalSection(ProjectConfigurationPlatforms) = postSolution
		{BE041642-5303-46BD-BDD5-6E442E2FFB89}.Debug|Any CPU.ActiveCfg = Debug|Any CPU
		{BE041642-5303-46BD-BDD5-6E442E2FFB89}.Debug|Any CPU.Build.0 = Debug|Any CPU
		{BE041642-5303-46BD-BDD5-6E442E2FFB89}.Release|Any CPU.ActiveCfg = Release|Any CPU
		{BE041642-5303-46BD-BDD5-6E442E2FFB89}.Release|Any CPU.Build.0 = Release|Any CPU
	EndGlobalSection
	GlobalSection(SolutionProperties) = preSolution
		HideSolutionNode = FALSE
	EndGlobalSection
	GlobalSection(ExtensibilityGlobals) = postSolution
		SolutionGuid = {0146041A-66BE-4AA4-B54E-7C8A46CB0B9F}
	EndGlobalSection
EndGlobal
